// !$*UTF8*$!
{
	archiveVersion = 1;
	classes = {
	};
	objectVersion = 56;
	objects = {

/* Begin PBXBuildFile section */
		041B23CB116DB62051775E1C /* Pods_iosApp2_0.framework in Frameworks */ = {isa = PBXBuildFile; fileRef = 9AC8525935B4B2C7913410B4 /* Pods_iosApp2_0.framework */; };
		6BD586DD9ADAAEC8E2040F8A /* Pods_iosApp2_0_NotificationServices.framework in Frameworks */ = {isa = PBXBuildFile; fileRef = CD7F154948859615201A0592 /* Pods_iosApp2_0_NotificationServices.framework */; };
		EB4C2CD02A0A454B009FEAF9 /* AppDelegate.swift in Sources */ = {isa = PBXBuildFile; fileRef = EB4C2CCF2A0A454B009FEAF9 /* AppDelegate.swift */; };
		EB4C2CD22A0A454B009FEAF9 /* SceneDelegate.swift in Sources */ = {isa = PBXBuildFile; fileRef = EB4C2CD12A0A454B009FEAF9 /* SceneDelegate.swift */; };
		EB4C2CD42A0A454B009FEAF9 /* ViewController.swift in Sources */ = {isa = PBXBuildFile; fileRef = EB4C2CD32A0A454B009FEAF9 /* ViewController.swift */; };
		EB4C2CD72A0A454B009FEAF9 /* Main.storyboard in Resources */ = {isa = PBXBuildFile; fileRef = EB4C2CD52A0A454B009FEAF9 /* Main.storyboard */; };
		EB4C2CD92A0A454D009FEAF9 /* Assets.xcassets in Resources */ = {isa = PBXBuildFile; fileRef = EB4C2CD82A0A454D009FEAF9 /* Assets.xcassets */; };
		EB4C2CDC2A0A454D009FEAF9 /* LaunchScreen.storyboard in Resources */ = {isa = PBXBuildFile; fileRef = EB4C2CDA2A0A454D009FEAF9 /* LaunchScreen.storyboard */; };
		EB4C2CE42A122D84009FEAF9 /* LoginViewController.swift in Sources */ = {isa = PBXBuildFile; fileRef = EB4C2CE32A122D84009FEAF9 /* LoginViewController.swift */; };
		EB4C2CE62A135458009FEAF9 /* SignupViewController.swift in Sources */ = {isa = PBXBuildFile; fileRef = EB4C2CE52A135458009FEAF9 /* SignupViewController.swift */; };
		EBAB70D42A1E2C6D003A0EFC /* UserNotifications.framework in Frameworks */ = {isa = PBXBuildFile; fileRef = EBAB70D32A1E2C6D003A0EFC /* UserNotifications.framework */; };
		EBAB70DC2A1E323F003A0EFC /* NotificationService.swift in Sources */ = {isa = PBXBuildFile; fileRef = EBAB70DB2A1E323F003A0EFC /* NotificationService.swift */; };
		EBAB70E02A1E323F003A0EFC /* NotificationServices.appex in Embed Foundation Extensions */ = {isa = PBXBuildFile; fileRef = EBAB70D92A1E323F003A0EFC /* NotificationServices.appex */; settings = {ATTRIBUTES = (RemoveHeadersOnCopy, ); }; };
		EBAB70E62A1E32AB003A0EFC /* UserNotifications.framework in Frameworks */ = {isa = PBXBuildFile; fileRef = EBAB70D32A1E2C6D003A0EFC /* UserNotifications.framework */; };
		EBAB71012A1E3BFE003A0EFC /* UserNotifications.framework in Frameworks */ = {isa = PBXBuildFile; fileRef = EBAB70D32A1E2C6D003A0EFC /* UserNotifications.framework */; };
		EBAB71022A1E3BFE003A0EFC /* UserNotificationsUI.framework in Frameworks */ = {isa = PBXBuildFile; fileRef = EBAB70ED2A1E3AD7003A0EFC /* UserNotificationsUI.framework */; };
		EBAB71052A1E3BFE003A0EFC /* NotificationViewController.swift in Sources */ = {isa = PBXBuildFile; fileRef = EBAB71042A1E3BFE003A0EFC /* NotificationViewController.swift */; };
		EBAB71082A1E3BFE003A0EFC /* MainInterface.storyboard in Resources */ = {isa = PBXBuildFile; fileRef = EBAB71062A1E3BFE003A0EFC /* MainInterface.storyboard */; };
		EBAB710C2A1E3BFE003A0EFC /* PushTemplatesExtension.appex in Embed Foundation Extensions */ = {isa = PBXBuildFile; fileRef = EBAB71002A1E3BFE003A0EFC /* PushTemplatesExtension.appex */; settings = {ATTRIBUTES = (RemoveHeadersOnCopy, ); }; };
		F0ED96F625CB724442591457 /* Pods_iosApp2_0_PushTemplatesExtension.framework in Frameworks */ = {isa = PBXBuildFile; fileRef = D88E9E823CB71C7E11FA60B3 /* Pods_iosApp2_0_PushTemplatesExtension.framework */; };
/* End PBXBuildFile section */

/* Begin PBXContainerItemProxy section */
		EBAB70DE2A1E323F003A0EFC /* PBXContainerItemProxy */ = {
			isa = PBXContainerItemProxy;
			containerPortal = EB4C2CC42A0A454B009FEAF9 /* Project object */;
			proxyType = 1;
			remoteGlobalIDString = EBAB70D82A1E323F003A0EFC;
			remoteInfo = NotificationServices;
		};
		EBAB710A2A1E3BFE003A0EFC /* PBXContainerItemProxy */ = {
			isa = PBXContainerItemProxy;
			containerPortal = EB4C2CC42A0A454B009FEAF9 /* Project object */;
			proxyType = 1;
			remoteGlobalIDString = EBAB70FF2A1E3BFE003A0EFC;
			remoteInfo = PushTemplatesExtension;
		};
/* End PBXContainerItemProxy section */

/* Begin PBXCopyFilesBuildPhase section */
		EBAB70E42A1E323F003A0EFC /* Embed Foundation Extensions */ = {
			isa = PBXCopyFilesBuildPhase;
			buildActionMask = 2147483647;
			dstPath = "";
			dstSubfolderSpec = 13;
			files = (
				EBAB710C2A1E3BFE003A0EFC /* PushTemplatesExtension.appex in Embed Foundation Extensions */,
				EBAB70E02A1E323F003A0EFC /* NotificationServices.appex in Embed Foundation Extensions */,
			);
			name = "Embed Foundation Extensions";
			runOnlyForDeploymentPostprocessing = 0;
		};
/* End PBXCopyFilesBuildPhase section */

/* Begin PBXFileReference section */
		4ED9E97C67E95B415543C555 /* Pods-iosApp2.0.debug.xcconfig */ = {isa = PBXFileReference; includeInIndex = 1; lastKnownFileType = text.xcconfig; name = "Pods-iosApp2.0.debug.xcconfig"; path = "../Documents/iosApp2.0/Pods/Target Support Files/Pods-iosApp2.0/Pods-iosApp2.0.debug.xcconfig"; sourceTree = "<group>"; };
		5800ED3BD68736506F2BF6A1 /* Pods-iosApp2.0-PushTemplatesExtension.debug.xcconfig */ = {isa = PBXFileReference; includeInIndex = 1; lastKnownFileType = text.xcconfig; name = "Pods-iosApp2.0-PushTemplatesExtension.debug.xcconfig"; path = "../Documents/iosApp2.0/Pods/Target Support Files/Pods-iosApp2.0-PushTemplatesExtension/Pods-iosApp2.0-PushTemplatesExtension.debug.xcconfig"; sourceTree = "<group>"; };
		6B294B5835920DF4B3DA1855 /* Pods-iosApp2.0.release.xcconfig */ = {isa = PBXFileReference; includeInIndex = 1; lastKnownFileType = text.xcconfig; name = "Pods-iosApp2.0.release.xcconfig"; path = "../Documents/iosApp2.0/Pods/Target Support Files/Pods-iosApp2.0/Pods-iosApp2.0.release.xcconfig"; sourceTree = "<group>"; };
		9AC8525935B4B2C7913410B4 /* Pods_iosApp2_0.framework */ = {isa = PBXFileReference; explicitFileType = wrapper.framework; includeInIndex = 0; path = Pods_iosApp2_0.framework; sourceTree = BUILT_PRODUCTS_DIR; };
		A983F4287F989528EDDE2063 /* Pods-iosApp2.0-PushTemplatesExtension.release.xcconfig */ = {isa = PBXFileReference; includeInIndex = 1; lastKnownFileType = text.xcconfig; name = "Pods-iosApp2.0-PushTemplatesExtension.release.xcconfig"; path = "../Documents/iosApp2.0/Pods/Target Support Files/Pods-iosApp2.0-PushTemplatesExtension/Pods-iosApp2.0-PushTemplatesExtension.release.xcconfig"; sourceTree = "<group>"; };
		A9BFE48E84BC9C68A7DFEE01 /* Pods-iosApp2.0-NotificationServices.release.xcconfig */ = {isa = PBXFileReference; includeInIndex = 1; lastKnownFileType = text.xcconfig; name = "Pods-iosApp2.0-NotificationServices.release.xcconfig"; path = "../Documents/iosApp2.0/Pods/Target Support Files/Pods-iosApp2.0-NotificationServices/Pods-iosApp2.0-NotificationServices.release.xcconfig"; sourceTree = "<group>"; };
		CD7F154948859615201A0592 /* Pods_iosApp2_0_NotificationServices.framework */ = {isa = PBXFileReference; explicitFileType = wrapper.framework; includeInIndex = 0; path = Pods_iosApp2_0_NotificationServices.framework; sourceTree = BUILT_PRODUCTS_DIR; };
		D88E9E823CB71C7E11FA60B3 /* Pods_iosApp2_0_PushTemplatesExtension.framework */ = {isa = PBXFileReference; explicitFileType = wrapper.framework; includeInIndex = 0; path = Pods_iosApp2_0_PushTemplatesExtension.framework; sourceTree = BUILT_PRODUCTS_DIR; };
		EB4C2CCC2A0A454B009FEAF9 /* iosApp2.0.app */ = {isa = PBXFileReference; explicitFileType = wrapper.application; includeInIndex = 0; path = iosApp2.0.app; sourceTree = BUILT_PRODUCTS_DIR; };
		EB4C2CCF2A0A454B009FEAF9 /* AppDelegate.swift */ = {isa = PBXFileReference; lastKnownFileType = sourcecode.swift; path = AppDelegate.swift; sourceTree = "<group>"; };
		EB4C2CD12A0A454B009FEAF9 /* SceneDelegate.swift */ = {isa = PBXFileReference; lastKnownFileType = sourcecode.swift; path = SceneDelegate.swift; sourceTree = "<group>"; };
		EB4C2CD32A0A454B009FEAF9 /* ViewController.swift */ = {isa = PBXFileReference; lastKnownFileType = sourcecode.swift; path = ViewController.swift; sourceTree = "<group>"; };
		EB4C2CD62A0A454B009FEAF9 /* Base */ = {isa = PBXFileReference; lastKnownFileType = file.storyboard; name = Base; path = Base.lproj/Main.storyboard; sourceTree = "<group>"; };
		EB4C2CD82A0A454D009FEAF9 /* Assets.xcassets */ = {isa = PBXFileReference; lastKnownFileType = folder.assetcatalog; path = Assets.xcassets; sourceTree = "<group>"; };
		EB4C2CDB2A0A454D009FEAF9 /* Base */ = {isa = PBXFileReference; lastKnownFileType = file.storyboard; name = Base; path = Base.lproj/LaunchScreen.storyboard; sourceTree = "<group>"; };
		EB4C2CDD2A0A454D009FEAF9 /* Info.plist */ = {isa = PBXFileReference; lastKnownFileType = text.plist.xml; path = Info.plist; sourceTree = "<group>"; };
		EB4C2CE32A122D84009FEAF9 /* LoginViewController.swift */ = {isa = PBXFileReference; lastKnownFileType = sourcecode.swift; path = LoginViewController.swift; sourceTree = "<group>"; };
		EB4C2CE52A135458009FEAF9 /* SignupViewController.swift */ = {isa = PBXFileReference; lastKnownFileType = sourcecode.swift; path = SignupViewController.swift; sourceTree = "<group>"; };
		EBAB70D22A1E2973003A0EFC /* iosApp2.0Debug.entitlements */ = {isa = PBXFileReference; lastKnownFileType = text.plist.entitlements; path = iosApp2.0Debug.entitlements; sourceTree = "<group>"; };
		EBAB70D32A1E2C6D003A0EFC /* UserNotifications.framework */ = {isa = PBXFileReference; lastKnownFileType = wrapper.framework; name = UserNotifications.framework; path = System/Library/Frameworks/UserNotifications.framework; sourceTree = SDKROOT; };
		EBAB70D92A1E323F003A0EFC /* NotificationServices.appex */ = {isa = PBXFileReference; explicitFileType = "wrapper.app-extension"; includeInIndex = 0; path = NotificationServices.appex; sourceTree = BUILT_PRODUCTS_DIR; };
		EBAB70DB2A1E323F003A0EFC /* NotificationService.swift */ = {isa = PBXFileReference; lastKnownFileType = sourcecode.swift; path = NotificationService.swift; sourceTree = "<group>"; };
		EBAB70DD2A1E323F003A0EFC /* Info.plist */ = {isa = PBXFileReference; lastKnownFileType = text.plist.xml; path = Info.plist; sourceTree = "<group>"; };
		EBAB70E52A1E325F003A0EFC /* NotificationServicesDebug.entitlements */ = {isa = PBXFileReference; lastKnownFileType = text.plist.entitlements; path = NotificationServicesDebug.entitlements; sourceTree = "<group>"; };
		EBAB70ED2A1E3AD7003A0EFC /* UserNotificationsUI.framework */ = {isa = PBXFileReference; lastKnownFileType = wrapper.framework; name = UserNotificationsUI.framework; path = System/Library/Frameworks/UserNotificationsUI.framework; sourceTree = SDKROOT; };
		EBAB71002A1E3BFE003A0EFC /* PushTemplatesExtension.appex */ = {isa = PBXFileReference; explicitFileType = "wrapper.app-extension"; includeInIndex = 0; path = PushTemplatesExtension.appex; sourceTree = BUILT_PRODUCTS_DIR; };
		EBAB71042A1E3BFE003A0EFC /* NotificationViewController.swift */ = {isa = PBXFileReference; lastKnownFileType = sourcecode.swift; path = NotificationViewController.swift; sourceTree = "<group>"; };
		EBAB71072A1E3BFE003A0EFC /* Base */ = {isa = PBXFileReference; lastKnownFileType = file.storyboard; name = Base; path = Base.lproj/MainInterface.storyboard; sourceTree = "<group>"; };
		EBAB71092A1E3BFE003A0EFC /* Info.plist */ = {isa = PBXFileReference; lastKnownFileType = text.plist.xml; path = Info.plist; sourceTree = "<group>"; };
		EBAB71102A1E3C5E003A0EFC /* PushTemplatesExtension.entitlements */ = {isa = PBXFileReference; lastKnownFileType = text.plist.entitlements; path = PushTemplatesExtension.entitlements; sourceTree = "<group>"; };
		EBD4383C2A1A3B9400832BD7 /* MoEngage-iOS-InApps-master */ = {isa = PBXFileReference; lastKnownFileType = wrapper; name = "MoEngage-iOS-InApps-master"; path = "../../Downloads/MoEngage-iOS-InApps-master"; sourceTree = "<group>"; };
		EF9CD4A55C0B3176AB5B2D2D /* Pods-iosApp2.0-NotificationServices.debug.xcconfig */ = {isa = PBXFileReference; includeInIndex = 1; lastKnownFileType = text.xcconfig; name = "Pods-iosApp2.0-NotificationServices.debug.xcconfig"; path = "../Documents/iosApp2.0/Pods/Target Support Files/Pods-iosApp2.0-NotificationServices/Pods-iosApp2.0-NotificationServices.debug.xcconfig"; sourceTree = "<group>"; };
/* End PBXFileReference section */

/* Begin PBXFrameworksBuildPhase section */
		EB4C2CC92A0A454B009FEAF9 /* Frameworks */ = {
			isa = PBXFrameworksBuildPhase;
			buildActionMask = 2147483647;
			files = (
				EBAB70D42A1E2C6D003A0EFC /* UserNotifications.framework in Frameworks */,
				041B23CB116DB62051775E1C /* Pods_iosApp2_0.framework in Frameworks */,
			);
			runOnlyForDeploymentPostprocessing = 0;
		};
		EBAB70D62A1E323F003A0EFC /* Frameworks */ = {
			isa = PBXFrameworksBuildPhase;
			buildActionMask = 2147483647;
			files = (
				EBAB70E62A1E32AB003A0EFC /* UserNotifications.framework in Frameworks */,
				6BD586DD9ADAAEC8E2040F8A /* Pods_iosApp2_0_NotificationServices.framework in Frameworks */,
			);
			runOnlyForDeploymentPostprocessing = 0;
		};
		EBAB70FD2A1E3BFE003A0EFC /* Frameworks */ = {
			isa = PBXFrameworksBuildPhase;
			buildActionMask = 2147483647;
			files = (
				EBAB71022A1E3BFE003A0EFC /* UserNotificationsUI.framework in Frameworks */,
				EBAB71012A1E3BFE003A0EFC /* UserNotifications.framework in Frameworks */,
				F0ED96F625CB724442591457 /* Pods_iosApp2_0_PushTemplatesExtension.framework in Frameworks */,
			);
			runOnlyForDeploymentPostprocessing = 0;
		};
/* End PBXFrameworksBuildPhase section */

/* Begin PBXGroup section */
		05921D6BD316591DBAA0C947 /* Frameworks */ = {
			isa = PBXGroup;
			children = (
				EBAB70D32A1E2C6D003A0EFC /* UserNotifications.framework */,
				9AC8525935B4B2C7913410B4 /* Pods_iosApp2_0.framework */,
				CD7F154948859615201A0592 /* Pods_iosApp2_0_NotificationServices.framework */,
				EBAB70ED2A1E3AD7003A0EFC /* UserNotificationsUI.framework */,
				D88E9E823CB71C7E11FA60B3 /* Pods_iosApp2_0_PushTemplatesExtension.framework */,
			);
			name = Frameworks;
			sourceTree = "<group>";
		};
		9545F71151C71EBF555C6996 /* Pods */ = {
			isa = PBXGroup;
			children = (
				4ED9E97C67E95B415543C555 /* Pods-iosApp2.0.debug.xcconfig */,
				6B294B5835920DF4B3DA1855 /* Pods-iosApp2.0.release.xcconfig */,
				EF9CD4A55C0B3176AB5B2D2D /* Pods-iosApp2.0-NotificationServices.debug.xcconfig */,
				A9BFE48E84BC9C68A7DFEE01 /* Pods-iosApp2.0-NotificationServices.release.xcconfig */,
				5800ED3BD68736506F2BF6A1 /* Pods-iosApp2.0-PushTemplatesExtension.debug.xcconfig */,
				A983F4287F989528EDDE2063 /* Pods-iosApp2.0-PushTemplatesExtension.release.xcconfig */,
			);
			name = Pods;
			path = ../../Pods;
			sourceTree = "<group>";
		};
		EB4C2CC32A0A454B009FEAF9 = {
			isa = PBXGroup;
			children = (
				EBD4383B2A1A3B9400832BD7 /* Packages */,
				EB4C2CCE2A0A454B009FEAF9 /* iosApp2.0 */,
				EBAB70DA2A1E323F003A0EFC /* NotificationServices */,
				EBAB71032A1E3BFE003A0EFC /* PushTemplatesExtension */,
				EB4C2CCD2A0A454B009FEAF9 /* Products */,
				9545F71151C71EBF555C6996 /* Pods */,
				05921D6BD316591DBAA0C947 /* Frameworks */,
			);
			sourceTree = "<group>";
		};
		EB4C2CCD2A0A454B009FEAF9 /* Products */ = {
			isa = PBXGroup;
			children = (
				EB4C2CCC2A0A454B009FEAF9 /* iosApp2.0.app */,
				EBAB70D92A1E323F003A0EFC /* NotificationServices.appex */,
				EBAB71002A1E3BFE003A0EFC /* PushTemplatesExtension.appex */,
			);
			name = Products;
			sourceTree = "<group>";
		};
		EB4C2CCE2A0A454B009FEAF9 /* iosApp2.0 */ = {
			isa = PBXGroup;
			children = (
				EBAB70D22A1E2973003A0EFC /* iosApp2.0Debug.entitlements */,
				EB4C2CCF2A0A454B009FEAF9 /* AppDelegate.swift */,
				EB4C2CD12A0A454B009FEAF9 /* SceneDelegate.swift */,
				EB4C2CD32A0A454B009FEAF9 /* ViewController.swift */,
				EB4C2CD52A0A454B009FEAF9 /* Main.storyboard */,
				EB4C2CD82A0A454D009FEAF9 /* Assets.xcassets */,
				EB4C2CDA2A0A454D009FEAF9 /* LaunchScreen.storyboard */,
				EB4C2CDD2A0A454D009FEAF9 /* Info.plist */,
				EB4C2CE32A122D84009FEAF9 /* LoginViewController.swift */,
				EB4C2CE52A135458009FEAF9 /* SignupViewController.swift */,
			);
			path = iosApp2.0;
			sourceTree = "<group>";
		};
		EBAB70DA2A1E323F003A0EFC /* NotificationServices */ = {
			isa = PBXGroup;
			children = (
				EBAB70E52A1E325F003A0EFC /* NotificationServicesDebug.entitlements */,
				EBAB70DB2A1E323F003A0EFC /* NotificationService.swift */,
				EBAB70DD2A1E323F003A0EFC /* Info.plist */,
			);
			path = NotificationServices;
			sourceTree = "<group>";
		};
		EBAB71032A1E3BFE003A0EFC /* PushTemplatesExtension */ = {
			isa = PBXGroup;
			children = (
				EBAB71102A1E3C5E003A0EFC /* PushTemplatesExtension.entitlements */,
				EBAB71042A1E3BFE003A0EFC /* NotificationViewController.swift */,
				EBAB71062A1E3BFE003A0EFC /* MainInterface.storyboard */,
				EBAB71092A1E3BFE003A0EFC /* Info.plist */,
			);
			path = PushTemplatesExtension;
			sourceTree = "<group>";
		};
		EBD4383B2A1A3B9400832BD7 /* Packages */ = {
			isa = PBXGroup;
			children = (
				EBD4383C2A1A3B9400832BD7 /* MoEngage-iOS-InApps-master */,
			);
			name = Packages;
			sourceTree = "<group>";
		};
/* End PBXGroup section */

/* Begin PBXNativeTarget section */
		EB4C2CCB2A0A454B009FEAF9 /* iosApp2.0 */ = {
			isa = PBXNativeTarget;
			buildConfigurationList = EB4C2CE02A0A454D009FEAF9 /* Build configuration list for PBXNativeTarget "iosApp2.0" */;
			buildPhases = (
				99B9E7B3AEAEF6B9130100E9 /* [CP] Check Pods Manifest.lock */,
				EB4C2CC82A0A454B009FEAF9 /* Sources */,
				EB4C2CC92A0A454B009FEAF9 /* Frameworks */,
				EB4C2CCA2A0A454B009FEAF9 /* Resources */,
				2470DB1EC4B8F43772A93D2A /* [CP] Embed Pods Frameworks */,
				EBAB70E42A1E323F003A0EFC /* Embed Foundation Extensions */,
			);
			buildRules = (
			);
			dependencies = (
				EBAB70DF2A1E323F003A0EFC /* PBXTargetDependency */,
				EBAB710B2A1E3BFE003A0EFC /* PBXTargetDependency */,
			);
			name = iosApp2.0;
			productName = iosApp2.0;
			productReference = EB4C2CCC2A0A454B009FEAF9 /* iosApp2.0.app */;
			productType = "com.apple.product-type.application";
		};
		EBAB70D82A1E323F003A0EFC /* NotificationServices */ = {
			isa = PBXNativeTarget;
			buildConfigurationList = EBAB70E12A1E323F003A0EFC /* Build configuration list for PBXNativeTarget "NotificationServices" */;
			buildPhases = (
				BFDC8A78CDDEEDFCDAC88DD4 /* [CP] Check Pods Manifest.lock */,
				EBAB70D52A1E323F003A0EFC /* Sources */,
				EBAB70D62A1E323F003A0EFC /* Frameworks */,
				EBAB70D72A1E323F003A0EFC /* Resources */,
			);
			buildRules = (
			);
			dependencies = (
			);
			name = NotificationServices;
			productName = NotificationServices;
			productReference = EBAB70D92A1E323F003A0EFC /* NotificationServices.appex */;
			productType = "com.apple.product-type.app-extension";
		};
		EBAB70FF2A1E3BFE003A0EFC /* PushTemplatesExtension */ = {
			isa = PBXNativeTarget;
			buildConfigurationList = EBAB710D2A1E3BFE003A0EFC /* Build configuration list for PBXNativeTarget "PushTemplatesExtension" */;
			buildPhases = (
				13EBC51189D197CA45A92F64 /* [CP] Check Pods Manifest.lock */,
				EBAB70FC2A1E3BFE003A0EFC /* Sources */,
				EBAB70FD2A1E3BFE003A0EFC /* Frameworks */,
				EBAB70FE2A1E3BFE003A0EFC /* Resources */,
			);
			buildRules = (
			);
			dependencies = (
			);
			name = PushTemplatesExtension;
			productName = PushTemplatesExtension;
			productReference = EBAB71002A1E3BFE003A0EFC /* PushTemplatesExtension.appex */;
			productType = "com.apple.product-type.app-extension";
		};
/* End PBXNativeTarget section */

/* Begin PBXProject section */
		EB4C2CC42A0A454B009FEAF9 /* Project object */ = {
			isa = PBXProject;
			attributes = {
				BuildIndependentTargetsInParallel = 1;
				LastSwiftUpdateCheck = 1430;
				LastUpgradeCheck = 1430;
				TargetAttributes = {
					EB4C2CCB2A0A454B009FEAF9 = {
						CreatedOnToolsVersion = 14.3;
					};
					EBAB70D82A1E323F003A0EFC = {
						CreatedOnToolsVersion = 14.3;
					};
					EBAB70FF2A1E3BFE003A0EFC = {
						CreatedOnToolsVersion = 14.3;
					};
				};
			};
			buildConfigurationList = EB4C2CC72A0A454B009FEAF9 /* Build configuration list for PBXProject "iosApp2.0" */;
			compatibilityVersion = "Xcode 14.0";
			developmentRegion = en;
			hasScannedForEncodings = 0;
			knownRegions = (
				en,
				Base,
			);
			mainGroup = EB4C2CC32A0A454B009FEAF9;
			productRefGroup = EB4C2CCD2A0A454B009FEAF9 /* Products */;
			projectDirPath = "";
			projectRoot = "";
			targets = (
				EB4C2CCB2A0A454B009FEAF9 /* iosApp2.0 */,
				EBAB70D82A1E323F003A0EFC /* NotificationServices */,
				EBAB70FF2A1E3BFE003A0EFC /* PushTemplatesExtension */,
			);
		};
/* End PBXProject section */

/* Begin PBXResourcesBuildPhase section */
		EB4C2CCA2A0A454B009FEAF9 /* Resources */ = {
			isa = PBXResourcesBuildPhase;
			buildActionMask = 2147483647;
			files = (
				EB4C2CDC2A0A454D009FEAF9 /* LaunchScreen.storyboard in Resources */,
				EB4C2CD92A0A454D009FEAF9 /* Assets.xcassets in Resources */,
				EB4C2CD72A0A454B009FEAF9 /* Main.storyboard in Resources */,
			);
			runOnlyForDeploymentPostprocessing = 0;
		};
		EBAB70D72A1E323F003A0EFC /* Resources */ = {
			isa = PBXResourcesBuildPhase;
			buildActionMask = 2147483647;
			files = (
			);
			runOnlyForDeploymentPostprocessing = 0;
		};
		EBAB70FE2A1E3BFE003A0EFC /* Resources */ = {
			isa = PBXResourcesBuildPhase;
			buildActionMask = 2147483647;
			files = (
				EBAB71082A1E3BFE003A0EFC /* MainInterface.storyboard in Resources */,
			);
			runOnlyForDeploymentPostprocessing = 0;
		};
/* End PBXResourcesBuildPhase section */

/* Begin PBXShellScriptBuildPhase section */
		13EBC51189D197CA45A92F64 /* [CP] Check Pods Manifest.lock */ = {
			isa = PBXShellScriptBuildPhase;
			buildActionMask = 2147483647;
			files = (
			);
			inputFileListPaths = (
			);
			inputPaths = (
				"${PODS_PODFILE_DIR_PATH}/Podfile.lock",
				"${PODS_ROOT}/Manifest.lock",
			);
			name = "[CP] Check Pods Manifest.lock";
			outputFileListPaths = (
			);
			outputPaths = (
				"$(DERIVED_FILE_DIR)/Pods-iosApp2.0-PushTemplatesExtension-checkManifestLockResult.txt",
			);
			runOnlyForDeploymentPostprocessing = 0;
			shellPath = /bin/sh;
			shellScript = "diff \"${PODS_PODFILE_DIR_PATH}/Podfile.lock\" \"${PODS_ROOT}/Manifest.lock\" > /dev/null\nif [ $? != 0 ] ; then\n    # print error to STDERR\n    echo \"error: The sandbox is not in sync with the Podfile.lock. Run 'pod install' or update your CocoaPods installation.\" >&2\n    exit 1\nfi\n# This output is used by Xcode 'outputs' to avoid re-running this script phase.\necho \"SUCCESS\" > \"${SCRIPT_OUTPUT_FILE_0}\"\n";
			showEnvVarsInLog = 0;
		};
		2470DB1EC4B8F43772A93D2A /* [CP] Embed Pods Frameworks */ = {
			isa = PBXShellScriptBuildPhase;
			buildActionMask = 2147483647;
			files = (
			);
			inputFileListPaths = (
				"${PODS_ROOT}/Target Support Files/Pods-iosApp2.0/Pods-iosApp2.0-frameworks-${CONFIGURATION}-input-files.xcfilelist",
			);
			name = "[CP] Embed Pods Frameworks";
			outputFileListPaths = (
				"${PODS_ROOT}/Target Support Files/Pods-iosApp2.0/Pods-iosApp2.0-frameworks-${CONFIGURATION}-output-files.xcfilelist",
			);
			runOnlyForDeploymentPostprocessing = 0;
			shellPath = /bin/sh;
			shellScript = "\"${PODS_ROOT}/Target Support Files/Pods-iosApp2.0/Pods-iosApp2.0-frameworks.sh\"\n";
			showEnvVarsInLog = 0;
		};
		99B9E7B3AEAEF6B9130100E9 /* [CP] Check Pods Manifest.lock */ = {
			isa = PBXShellScriptBuildPhase;
			buildActionMask = 2147483647;
			files = (
			);
			inputFileListPaths = (
			);
			inputPaths = (
				"${PODS_PODFILE_DIR_PATH}/Podfile.lock",
				"${PODS_ROOT}/Manifest.lock",
			);
			name = "[CP] Check Pods Manifest.lock";
			outputFileListPaths = (
			);
			outputPaths = (
				"$(DERIVED_FILE_DIR)/Pods-iosApp2.0-checkManifestLockResult.txt",
			);
			runOnlyForDeploymentPostprocessing = 0;
			shellPath = /bin/sh;
			shellScript = "diff \"${PODS_PODFILE_DIR_PATH}/Podfile.lock\" \"${PODS_ROOT}/Manifest.lock\" > /dev/null\nif [ $? != 0 ] ; then\n    # print error to STDERR\n    echo \"error: The sandbox is not in sync with the Podfile.lock. Run 'pod install' or update your CocoaPods installation.\" >&2\n    exit 1\nfi\n# This output is used by Xcode 'outputs' to avoid re-running this script phase.\necho \"SUCCESS\" > \"${SCRIPT_OUTPUT_FILE_0}\"\n";
			showEnvVarsInLog = 0;
		};
		BFDC8A78CDDEEDFCDAC88DD4 /* [CP] Check Pods Manifest.lock */ = {
			isa = PBXShellScriptBuildPhase;
			buildActionMask = 2147483647;
			files = (
			);
			inputFileListPaths = (
			);
			inputPaths = (
				"${PODS_PODFILE_DIR_PATH}/Podfile.lock",
				"${PODS_ROOT}/Manifest.lock",
			);
			name = "[CP] Check Pods Manifest.lock";
			outputFileListPaths = (
			);
			outputPaths = (
				"$(DERIVED_FILE_DIR)/Pods-iosApp2.0-NotificationServices-checkManifestLockResult.txt",
			);
			runOnlyForDeploymentPostprocessing = 0;
			shellPath = /bin/sh;
			shellScript = "diff \"${PODS_PODFILE_DIR_PATH}/Podfile.lock\" \"${PODS_ROOT}/Manifest.lock\" > /dev/null\nif [ $? != 0 ] ; then\n    # print error to STDERR\n    echo \"error: The sandbox is not in sync with the Podfile.lock. Run 'pod install' or update your CocoaPods installation.\" >&2\n    exit 1\nfi\n# This output is used by Xcode 'outputs' to avoid re-running this script phase.\necho \"SUCCESS\" > \"${SCRIPT_OUTPUT_FILE_0}\"\n";
			showEnvVarsInLog = 0;
		};
/* End PBXShellScriptBuildPhase section */

/* Begin PBXSourcesBuildPhase section */
		EB4C2CC82A0A454B009FEAF9 /* Sources */ = {
			isa = PBXSourcesBuildPhase;
			buildActionMask = 2147483647;
			files = (
				EB4C2CE42A122D84009FEAF9 /* LoginViewController.swift in Sources */,
				EB4C2CD42A0A454B009FEAF9 /* ViewController.swift in Sources */,
				EB4C2CE62A135458009FEAF9 /* SignupViewController.swift in Sources */,
				EB4C2CD02A0A454B009FEAF9 /* AppDelegate.swift in Sources */,
				EB4C2CD22A0A454B009FEAF9 /* SceneDelegate.swift in Sources */,
			);
			runOnlyForDeploymentPostprocessing = 0;
		};
		EBAB70D52A1E323F003A0EFC /* Sources */ = {
			isa = PBXSourcesBuildPhase;
			buildActionMask = 2147483647;
			files = (
				EBAB70DC2A1E323F003A0EFC /* NotificationService.swift in Sources */,
			);
			runOnlyForDeploymentPostprocessing = 0;
		};
		EBAB70FC2A1E3BFE003A0EFC /* Sources */ = {
			isa = PBXSourcesBuildPhase;
			buildActionMask = 2147483647;
			files = (
				EBAB71052A1E3BFE003A0EFC /* NotificationViewController.swift in Sources */,
			);
			runOnlyForDeploymentPostprocessing = 0;
		};
/* End PBXSourcesBuildPhase section */

/* Begin PBXTargetDependency section */
		EBAB70DF2A1E323F003A0EFC /* PBXTargetDependency */ = {
			isa = PBXTargetDependency;
			target = EBAB70D82A1E323F003A0EFC /* NotificationServices */;
			targetProxy = EBAB70DE2A1E323F003A0EFC /* PBXContainerItemProxy */;
		};
		EBAB710B2A1E3BFE003A0EFC /* PBXTargetDependency */ = {
			isa = PBXTargetDependency;
			target = EBAB70FF2A1E3BFE003A0EFC /* PushTemplatesExtension */;
			targetProxy = EBAB710A2A1E3BFE003A0EFC /* PBXContainerItemProxy */;
		};
/* End PBXTargetDependency section */

/* Begin PBXVariantGroup section */
		EB4C2CD52A0A454B009FEAF9 /* Main.storyboard */ = {
			isa = PBXVariantGroup;
			children = (
				EB4C2CD62A0A454B009FEAF9 /* Base */,
			);
			name = Main.storyboard;
			sourceTree = "<group>";
		};
		EB4C2CDA2A0A454D009FEAF9 /* LaunchScreen.storyboard */ = {
			isa = PBXVariantGroup;
			children = (
				EB4C2CDB2A0A454D009FEAF9 /* Base */,
			);
			name = LaunchScreen.storyboard;
			sourceTree = "<group>";
		};
		EBAB71062A1E3BFE003A0EFC /* MainInterface.storyboard */ = {
			isa = PBXVariantGroup;
			children = (
				EBAB71072A1E3BFE003A0EFC /* Base */,
			);
			name = MainInterface.storyboard;
			sourceTree = "<group>";
		};
/* End PBXVariantGroup section */

/* Begin XCBuildConfiguration section */
		EB4C2CDE2A0A454D009FEAF9 /* Debug */ = {
			isa = XCBuildConfiguration;
			buildSettings = {
				ALWAYS_SEARCH_USER_PATHS = NO;
				CLANG_ANALYZER_NONNULL = YES;
				CLANG_ANALYZER_NUMBER_OBJECT_CONVERSION = YES_AGGRESSIVE;
				CLANG_CXX_LANGUAGE_STANDARD = "gnu++20";
				CLANG_ENABLE_MODULES = YES;
				CLANG_ENABLE_OBJC_ARC = YES;
				CLANG_ENABLE_OBJC_WEAK = YES;
				CLANG_WARN_BLOCK_CAPTURE_AUTORELEASING = YES;
				CLANG_WARN_BOOL_CONVERSION = YES;
				CLANG_WARN_COMMA = YES;
				CLANG_WARN_CONSTANT_CONVERSION = YES;
				CLANG_WARN_DEPRECATED_OBJC_IMPLEMENTATIONS = YES;
				CLANG_WARN_DIRECT_OBJC_ISA_USAGE = YES_ERROR;
				CLANG_WARN_DOCUMENTATION_COMMENTS = YES;
				CLANG_WARN_EMPTY_BODY = YES;
				CLANG_WARN_ENUM_CONVERSION = YES;
				CLANG_WARN_INFINITE_RECURSION = YES;
				CLANG_WARN_INT_CONVERSION = YES;
				CLANG_WARN_NON_LITERAL_NULL_CONVERSION = YES;
				CLANG_WARN_OBJC_IMPLICIT_RETAIN_SELF = YES;
				CLANG_WARN_OBJC_LITERAL_CONVERSION = YES;
				CLANG_WARN_OBJC_ROOT_CLASS = YES_ERROR;
				CLANG_WARN_QUOTED_INCLUDE_IN_FRAMEWORK_HEADER = YES;
				CLANG_WARN_RANGE_LOOP_ANALYSIS = YES;
				CLANG_WARN_STRICT_PROTOTYPES = YES;
				CLANG_WARN_SUSPICIOUS_MOVE = YES;
				CLANG_WARN_UNGUARDED_AVAILABILITY = YES_AGGRESSIVE;
				CLANG_WARN_UNREACHABLE_CODE = YES;
				CLANG_WARN__DUPLICATE_METHOD_MATCH = YES;
				COPY_PHASE_STRIP = NO;
				DEBUG_INFORMATION_FORMAT = dwarf;
				ENABLE_STRICT_OBJC_MSGSEND = YES;
				ENABLE_TESTABILITY = YES;
				GCC_C_LANGUAGE_STANDARD = gnu11;
				GCC_DYNAMIC_NO_PIC = NO;
				GCC_NO_COMMON_BLOCKS = YES;
				GCC_OPTIMIZATION_LEVEL = 0;
				GCC_PREPROCESSOR_DEFINITIONS = (
					"DEBUG=1",
					"$(inherited)",
				);
				GCC_WARN_64_TO_32_BIT_CONVERSION = YES;
				GCC_WARN_ABOUT_RETURN_TYPE = YES_ERROR;
				GCC_WARN_UNDECLARED_SELECTOR = YES;
				GCC_WARN_UNINITIALIZED_AUTOS = YES_AGGRESSIVE;
				GCC_WARN_UNUSED_FUNCTION = YES;
				GCC_WARN_UNUSED_VARIABLE = YES;
				IPHONEOS_DEPLOYMENT_TARGET = 13.0;
				MTL_ENABLE_DEBUG_INFO = INCLUDE_SOURCE;
				MTL_FAST_MATH = YES;
				ONLY_ACTIVE_ARCH = YES;
				SDKROOT = iphoneos;
				SWIFT_ACTIVE_COMPILATION_CONDITIONS = DEBUG;
				SWIFT_OPTIMIZATION_LEVEL = "-Onone";
			};
			name = Debug;
		};
		EB4C2CDF2A0A454D009FEAF9 /* Release */ = {
			isa = XCBuildConfiguration;
			buildSettings = {
				ALWAYS_SEARCH_USER_PATHS = NO;
				CLANG_ANALYZER_NONNULL = YES;
				CLANG_ANALYZER_NUMBER_OBJECT_CONVERSION = YES_AGGRESSIVE;
				CLANG_CXX_LANGUAGE_STANDARD = "gnu++20";
				CLANG_ENABLE_MODULES = YES;
				CLANG_ENABLE_OBJC_ARC = YES;
				CLANG_ENABLE_OBJC_WEAK = YES;
				CLANG_WARN_BLOCK_CAPTURE_AUTORELEASING = YES;
				CLANG_WARN_BOOL_CONVERSION = YES;
				CLANG_WARN_COMMA = YES;
				CLANG_WARN_CONSTANT_CONVERSION = YES;
				CLANG_WARN_DEPRECATED_OBJC_IMPLEMENTATIONS = YES;
				CLANG_WARN_DIRECT_OBJC_ISA_USAGE = YES_ERROR;
				CLANG_WARN_DOCUMENTATION_COMMENTS = YES;
				CLANG_WARN_EMPTY_BODY = YES;
				CLANG_WARN_ENUM_CONVERSION = YES;
				CLANG_WARN_INFINITE_RECURSION = YES;
				CLANG_WARN_INT_CONVERSION = YES;
				CLANG_WARN_NON_LITERAL_NULL_CONVERSION = YES;
				CLANG_WARN_OBJC_IMPLICIT_RETAIN_SELF = YES;
				CLANG_WARN_OBJC_LITERAL_CONVERSION = YES;
				CLANG_WARN_OBJC_ROOT_CLASS = YES_ERROR;
				CLANG_WARN_QUOTED_INCLUDE_IN_FRAMEWORK_HEADER = YES;
				CLANG_WARN_RANGE_LOOP_ANALYSIS = YES;
				CLANG_WARN_STRICT_PROTOTYPES = YES;
				CLANG_WARN_SUSPICIOUS_MOVE = YES;
				CLANG_WARN_UNGUARDED_AVAILABILITY = YES_AGGRESSIVE;
				CLANG_WARN_UNREACHABLE_CODE = YES;
				CLANG_WARN__DUPLICATE_METHOD_MATCH = YES;
				COPY_PHASE_STRIP = NO;
				DEBUG_INFORMATION_FORMAT = "dwarf-with-dsym";
				ENABLE_NS_ASSERTIONS = NO;
				ENABLE_STRICT_OBJC_MSGSEND = YES;
				GCC_C_LANGUAGE_STANDARD = gnu11;
				GCC_NO_COMMON_BLOCKS = YES;
				GCC_WARN_64_TO_32_BIT_CONVERSION = YES;
				GCC_WARN_ABOUT_RETURN_TYPE = YES_ERROR;
				GCC_WARN_UNDECLARED_SELECTOR = YES;
				GCC_WARN_UNINITIALIZED_AUTOS = YES_AGGRESSIVE;
				GCC_WARN_UNUSED_FUNCTION = YES;
				GCC_WARN_UNUSED_VARIABLE = YES;
				IPHONEOS_DEPLOYMENT_TARGET = 13.0;
				MTL_ENABLE_DEBUG_INFO = NO;
				MTL_FAST_MATH = YES;
				SDKROOT = iphoneos;
				SWIFT_COMPILATION_MODE = wholemodule;
				SWIFT_OPTIMIZATION_LEVEL = "-O";
				VALIDATE_PRODUCT = YES;
			};
			name = Release;
		};
		EB4C2CE12A0A454D009FEAF9 /* Debug */ = {
			isa = XCBuildConfiguration;
			baseConfigurationReference = 4ED9E97C67E95B415543C555 /* Pods-iosApp2.0.debug.xcconfig */;
			buildSettings = {
				ALWAYS_EMBED_SWIFT_STANDARD_LIBRARIES = YES;
				ASSETCATALOG_COMPILER_APPICON_NAME = AppIcon;
				ASSETCATALOG_COMPILER_GLOBAL_ACCENT_COLOR_NAME = AccentColor;
				CODE_SIGN_ENTITLEMENTS = iosApp2.0/iosApp2.0Debug.entitlements;
				"CODE_SIGN_IDENTITY[sdk=iphoneos*]" = "iPhone Developer";
				CODE_SIGN_STYLE = Manual;
				CURRENT_PROJECT_VERSION = 1;
				DEVELOPMENT_TEAM = "";
				"DEVELOPMENT_TEAM[sdk=iphoneos*]" = BPWYRAF5X7;
				GENERATE_INFOPLIST_FILE = YES;
				INFOPLIST_FILE = iosApp2.0/Info.plist;
				INFOPLIST_KEY_UIApplicationSupportsIndirectInputEvents = YES;
				INFOPLIST_KEY_UILaunchStoryboardName = LaunchScreen;
				INFOPLIST_KEY_UIMainStoryboardFile = Main;
				INFOPLIST_KEY_UISupportedInterfaceOrientations_iPad = "UIInterfaceOrientationPortrait UIInterfaceOrientationPortraitUpsideDown UIInterfaceOrientationLandscapeLeft UIInterfaceOrientationLandscapeRight";
				INFOPLIST_KEY_UISupportedInterfaceOrientations_iPhone = "UIInterfaceOrientationPortrait UIInterfaceOrientationLandscapeLeft UIInterfaceOrientationLandscapeRight";
				LD_RUNPATH_SEARCH_PATHS = (
					"$(inherited)",
					"@executable_path/Frameworks",
				);
				MARKETING_VERSION = 1.0;
				"OTHER_SWIFT_FLAGS[arch=*]" = "-DDEBUG";
				PRODUCT_BUNDLE_IDENTIFIER = com.moengage.iosmoengage.interns.IM;
				PRODUCT_NAME = "$(TARGET_NAME)";
				PROVISIONING_PROFILE_SPECIFIER = "";
				"PROVISIONING_PROFILE_SPECIFIER[sdk=iphoneos*]" = "Implementation Interns";
				SWIFT_EMIT_LOC_STRINGS = YES;
				SWIFT_VERSION = 5.0;
				TARGETED_DEVICE_FAMILY = "1,2";
			};
			name = Debug;
		};
		EB4C2CE22A0A454D009FEAF9 /* Release */ = {
			isa = XCBuildConfiguration;
			baseConfigurationReference = 6B294B5835920DF4B3DA1855 /* Pods-iosApp2.0.release.xcconfig */;
			buildSettings = {
				ALWAYS_EMBED_SWIFT_STANDARD_LIBRARIES = YES;
				ASSETCATALOG_COMPILER_APPICON_NAME = AppIcon;
				ASSETCATALOG_COMPILER_GLOBAL_ACCENT_COLOR_NAME = AccentColor;
				CODE_SIGN_STYLE = Manual;
				CURRENT_PROJECT_VERSION = 1;
				DEVELOPMENT_TEAM = "";
				GENERATE_INFOPLIST_FILE = YES;
				INFOPLIST_FILE = iosApp2.0/Info.plist;
				INFOPLIST_KEY_UIApplicationSupportsIndirectInputEvents = YES;
				INFOPLIST_KEY_UILaunchStoryboardName = LaunchScreen;
				INFOPLIST_KEY_UIMainStoryboardFile = Main;
				INFOPLIST_KEY_UISupportedInterfaceOrientations_iPad = "UIInterfaceOrientationPortrait UIInterfaceOrientationPortraitUpsideDown UIInterfaceOrientationLandscapeLeft UIInterfaceOrientationLandscapeRight";
				INFOPLIST_KEY_UISupportedInterfaceOrientations_iPhone = "UIInterfaceOrientationPortrait UIInterfaceOrientationLandscapeLeft UIInterfaceOrientationLandscapeRight";
				LD_RUNPATH_SEARCH_PATHS = (
					"$(inherited)",
					"@executable_path/Frameworks",
				);
				MARKETING_VERSION = 1.0;
				PRODUCT_BUNDLE_IDENTIFIER = com.moengage.iosmoengage.interns.IM;
				PRODUCT_NAME = "$(TARGET_NAME)";
				PROVISIONING_PROFILE_SPECIFIER = "";
				SWIFT_EMIT_LOC_STRINGS = YES;
				SWIFT_VERSION = 5.0;
				TARGETED_DEVICE_FAMILY = "1,2";
			};
			name = Release;
		};
		EBAB70E22A1E323F003A0EFC /* Debug */ = {
			isa = XCBuildConfiguration;
			baseConfigurationReference = EF9CD4A55C0B3176AB5B2D2D /* Pods-iosApp2.0-NotificationServices.debug.xcconfig */;
			buildSettings = {
				CODE_SIGN_ENTITLEMENTS = NotificationServices/NotificationServicesDebug.entitlements;
				"CODE_SIGN_IDENTITY[sdk=iphoneos*]" = "iPhone Developer";
				CODE_SIGN_STYLE = Manual;
				CURRENT_PROJECT_VERSION = 1;
				DEVELOPMENT_TEAM = "";
				"DEVELOPMENT_TEAM[sdk=iphoneos*]" = BPWYRAF5X7;
				GENERATE_INFOPLIST_FILE = YES;
				INFOPLIST_FILE = NotificationServices/Info.plist;
				INFOPLIST_KEY_CFBundleDisplayName = NotificationServices;
				INFOPLIST_KEY_NSHumanReadableCopyright = "";
				IPHONEOS_DEPLOYMENT_TARGET = 13.0;
				LD_RUNPATH_SEARCH_PATHS = (
					"$(inherited)",
					"@executable_path/Frameworks",
					"@executable_path/../../Frameworks",
				);
				MARKETING_VERSION = 1.0;
				PRODUCT_BUNDLE_IDENTIFIER = com.moengage.iosmoengage.interns.IM.InternsNotificationService;
				PRODUCT_NAME = "$(TARGET_NAME)";
				PROVISIONING_PROFILE_SPECIFIER = "";
				"PROVISIONING_PROFILE_SPECIFIER[sdk=iphoneos*]" = "IM Notification Service";
				SKIP_INSTALL = YES;
				SWIFT_EMIT_LOC_STRINGS = YES;
				SWIFT_VERSION = 5.0;
				TARGETED_DEVICE_FAMILY = "1,2";
			};
			name = Debug;
		};
		EBAB70E32A1E323F003A0EFC /* Release */ = {
			isa = XCBuildConfiguration;
			baseConfigurationReference = A9BFE48E84BC9C68A7DFEE01 /* Pods-iosApp2.0-NotificationServices.release.xcconfig */;
			buildSettings = {
				CODE_SIGN_STYLE = Automatic;
				CURRENT_PROJECT_VERSION = 1;
				DEVELOPMENT_TEAM = "";
				GENERATE_INFOPLIST_FILE = YES;
				INFOPLIST_FILE = NotificationServices/Info.plist;
				INFOPLIST_KEY_CFBundleDisplayName = NotificationServices;
				INFOPLIST_KEY_NSHumanReadableCopyright = "";
				IPHONEOS_DEPLOYMENT_TARGET = 13.0;
				LD_RUNPATH_SEARCH_PATHS = (
					"$(inherited)",
					"@executable_path/Frameworks",
					"@executable_path/../../Frameworks",
				);
				MARKETING_VERSION = 1.0;
				PRODUCT_BUNDLE_IDENTIFIER = com.moengage.iosmoengage.interns.IM.NotificationServices;
				PRODUCT_NAME = "$(TARGET_NAME)";
				SKIP_INSTALL = YES;
				SWIFT_EMIT_LOC_STRINGS = YES;
				SWIFT_VERSION = 5.0;
				TARGETED_DEVICE_FAMILY = "1,2";
			};
			name = Release;
		};
		EBAB710E2A1E3BFE003A0EFC /* Debug */ = {
			isa = XCBuildConfiguration;
			baseConfigurationReference = 5800ED3BD68736506F2BF6A1 /* Pods-iosApp2.0-PushTemplatesExtension.debug.xcconfig */;
			buildSettings = {
				CODE_SIGN_ENTITLEMENTS = PushTemplatesExtension/PushTemplatesExtension.entitlements;
				CODE_SIGN_STYLE = Automatic;
				CURRENT_PROJECT_VERSION = 1;
				DEVELOPMENT_TEAM = "";
				GENERATE_INFOPLIST_FILE = YES;
				INFOPLIST_FILE = PushTemplatesExtension/Info.plist;
				INFOPLIST_KEY_CFBundleDisplayName = PushTemplatesExtension;
				INFOPLIST_KEY_NSHumanReadableCopyright = "";
				IPHONEOS_DEPLOYMENT_TARGET = 13.0;
				LD_RUNPATH_SEARCH_PATHS = (
					"$(inherited)",
					"@executable_path/Frameworks",
					"@executable_path/../../Frameworks",
				);
				MARKETING_VERSION = 1.0;
				PRODUCT_BUNDLE_IDENTIFIER = com.moengage.iosmoengage.interns.IM.PushTemplatesExtension;
				PRODUCT_NAME = "$(TARGET_NAME)";
				SKIP_INSTALL = YES;
				SWIFT_EMIT_LOC_STRINGS = YES;
				SWIFT_VERSION = 5.0;
				TARGETED_DEVICE_FAMILY = "1,2";
			};
			name = Debug;
		};
		EBAB710F2A1E3BFE003A0EFC /* Release */ = {
			isa = XCBuildConfiguration;
			baseConfigurationReference = A983F4287F989528EDDE2063 /* Pods-iosApp2.0-PushTemplatesExtension.release.xcconfig */;
			buildSettings = {
				CODE_SIGN_ENTITLEMENTS = PushTemplatesExtension/PushTemplatesExtension.entitlements;
				CODE_SIGN_STYLE = Automatic;
				CURRENT_PROJECT_VERSION = 1;
				DEVELOPMENT_TEAM = "";
				GENERATE_INFOPLIST_FILE = YES;
				INFOPLIST_FILE = PushTemplatesExtension/Info.plist;
				INFOPLIST_KEY_CFBundleDisplayName = PushTemplatesExtension;
				INFOPLIST_KEY_NSHumanReadableCopyright = "";
				IPHONEOS_DEPLOYMENT_TARGET = 13.0;
				LD_RUNPATH_SEARCH_PATHS = (
					"$(inherited)",
					"@executable_path/Frameworks",
					"@executable_path/../../Frameworks",
				);
				MARKETING_VERSION = 1.0;
				PRODUCT_BUNDLE_IDENTIFIER = com.moengage.iosmoengage.interns.IM.PushTemplatesExtension;
				PRODUCT_NAME = "$(TARGET_NAME)";
				SKIP_INSTALL = YES;
				SWIFT_EMIT_LOC_STRINGS = YES;
				SWIFT_VERSION = 5.0;
				TARGETED_DEVICE_FAMILY = "1,2";
			};
			name = Release;
		};
/* End XCBuildConfiguration section */

/* Begin XCConfigurationList section */
		EB4C2CC72A0A454B009FEAF9 /* Build configuration list for PBXProject "iosApp2.0" */ = {
			isa = XCConfigurationList;
			buildConfigurations = (
				EB4C2CDE2A0A454D009FEAF9 /* Debug */,
				EB4C2CDF2A0A454D009FEAF9 /* Release */,
			);
			defaultConfigurationIsVisible = 0;
			defaultConfigurationName = Release;
		};
		EB4C2CE02A0A454D009FEAF9 /* Build configuration list for PBXNativeTarget "iosApp2.0" */ = {
			isa = XCConfigurationList;
			buildConfigurations = (
				EB4C2CE12A0A454D009FEAF9 /* Debug */,
				EB4C2CE22A0A454D009FEAF9 /* Release */,
			);
			defaultConfigurationIsVisible = 0;
			defaultConfigurationName = Release;
		};
		EBAB70E12A1E323F003A0EFC /* Build configuration list for PBXNativeTarget "NotificationServices" */ = {
			isa = XCConfigurationList;
			buildConfigurations = (
				EBAB70E22A1E323F003A0EFC /* Debug */,
				EBAB70E32A1E323F003A0EFC /* Release */,
			);
			defaultConfigurationIsVisible = 0;
			defaultConfigurationName = Release;
		};
		EBAB710D2A1E3BFE003A0EFC /* Build configuration list for PBXNativeTarget "PushTemplatesExtension" */ = {
			isa = XCConfigurationList;
			buildConfigurations = (
				EBAB710E2A1E3BFE003A0EFC /* Debug */,
				EBAB710F2A1E3BFE003A0EFC /* Release */,
			);
			defaultConfigurationIsVisible = 0;
			defaultConfigurationName = Release;
		};
/* End XCConfigurationList section */
	};
	rootObject = EB4C2CC42A0A454B009FEAF9 /* Project object */;
}
