// !$*UTF8*$!
{
	archiveVersion = 1;
	classes = {
	};
	objectVersion = 56;
	objects = {

/* Begin PBXBuildFile section */
		041B23CB116DB62051775E1C /* Pods_iosApp2_0.framework in Frameworks */ = {isa = PBXBuildFile; fileRef = 9AC8525935B4B2C7913410B4 /* Pods_iosApp2_0.framework */; };
		EB4C2CD02A0A454B009FEAF9 /* AppDelegate.swift in Sources */ = {isa = PBXBuildFile; fileRef = EB4C2CCF2A0A454B009FEAF9 /* AppDelegate.swift */; };
		EB4C2CD22A0A454B009FEAF9 /* SceneDelegate.swift in Sources */ = {isa = PBXBuildFile; fileRef = EB4C2CD12A0A454B009FEAF9 /* SceneDelegate.swift */; };
		EB4C2CD42A0A454B009FEAF9 /* ViewController.swift in Sources */ = {isa = PBXBuildFile; fileRef = EB4C2CD32A0A454B009FEAF9 /* ViewController.swift */; };
		EB4C2CD72A0A454B009FEAF9 /* Main.storyboard in Resources */ = {isa = PBXBuildFile; fileRef = EB4C2CD52A0A454B009FEAF9 /* Main.storyboard */; };
		EB4C2CD92A0A454D009FEAF9 /* Assets.xcassets in Resources */ = {isa = PBXBuildFile; fileRef = EB4C2CD82A0A454D009FEAF9 /* Assets.xcassets */; };
		EB4C2CDC2A0A454D009FEAF9 /* LaunchScreen.storyboard in Resources */ = {isa = PBXBuildFile; fileRef = EB4C2CDA2A0A454D009FEAF9 /* LaunchScreen.storyboard */; };
		EB4C2CE42A122D84009FEAF9 /* LoginViewController.swift in Sources */ = {isa = PBXBuildFile; fileRef = EB4C2CE32A122D84009FEAF9 /* LoginViewController.swift */; };
		EB4C2CE62A135458009FEAF9 /* SignupViewController.swift in Sources */ = {isa = PBXBuildFile; fileRef = EB4C2CE52A135458009FEAF9 /* SignupViewController.swift */; };
/* End PBXBuildFile section */

/* Begin PBXFileReference section */
		4ED9E97C67E95B415543C555 /* Pods-iosApp2.0.debug.xcconfig */ = {isa = PBXFileReference; includeInIndex = 1; lastKnownFileType = text.xcconfig; name = "Pods-iosApp2.0.debug.xcconfig"; path = "../Documents/iosApp2.0/Pods/Target Support Files/Pods-iosApp2.0/Pods-iosApp2.0.debug.xcconfig"; sourceTree = "<group>"; };
		6B294B5835920DF4B3DA1855 /* Pods-iosApp2.0.release.xcconfig */ = {isa = PBXFileReference; includeInIndex = 1; lastKnownFileType = text.xcconfig; name = "Pods-iosApp2.0.release.xcconfig"; path = "../Documents/iosApp2.0/Pods/Target Support Files/Pods-iosApp2.0/Pods-iosApp2.0.release.xcconfig"; sourceTree = "<group>"; };
		9AC8525935B4B2C7913410B4 /* Pods_iosApp2_0.framework */ = {isa = PBXFileReference; explicitFileType = wrapper.framework; includeInIndex = 0; path = Pods_iosApp2_0.framework; sourceTree = BUILT_PRODUCTS_DIR; };
		EB4C2CCC2A0A454B009FEAF9 /* iosApp2.0.app */ = {isa = PBXFileReference; explicitFileType = wrapper.application; includeInIndex = 0; path = iosApp2.0.app; sourceTree = BUILT_PRODUCTS_DIR; };
		EB4C2CCF2A0A454B009FEAF9 /* AppDelegate.swift */ = {isa = PBXFileReference; lastKnownFileType = sourcecode.swift; path = AppDelegate.swift; sourceTree = "<group>"; };
		EB4C2CD12A0A454B009FEAF9 /* SceneDelegate.swift */ = {isa = PBXFileReference; lastKnownFileType = sourcecode.swift; path = SceneDelegate.swift; sourceTree = "<group>"; };
		EB4C2CD32A0A454B009FEAF9 /* ViewController.swift */ = {isa = PBXFileReference; lastKnownFileType = sourcecode.swift; path = ViewController.swift; sourceTree = "<group>"; };
		EB4C2CD62A0A454B009FEAF9 /* Base */ = {isa = PBXFileReference; lastKnownFileType = file.storyboard; name = Base; path = Base.lproj/Main.storyboard; sourceTree = "<group>"; };
		EB4C2CD82A0A454D009FEAF9 /* Assets.xcassets */ = {isa = PBXFileReference; lastKnownFileType = folder.assetcatalog; path = Assets.xcassets; sourceTree = "<group>"; };
		EB4C2CDB2A0A454D009FEAF9 /* Base */ = {isa = PBXFileReference; lastKnownFileType = file.storyboard; name = Base; path = Base.lproj/LaunchScreen.storyboard; sourceTree = "<group>"; };
		EB4C2CDD2A0A454D009FEAF9 /* Info.plist */ = {isa = PBXFileReference; lastKnownFileType = text.plist.xml; path = Info.plist; sourceTree = "<group>"; };
		EB4C2CE32A122D84009FEAF9 /* LoginViewController.swift */ = {isa = PBXFileReference; lastKnownFileType = sourcecode.swift; path = LoginViewController.swift; sourceTree = "<group>"; };
		EB4C2CE52A135458009FEAF9 /* SignupViewController.swift */ = {isa = PBXFileReference; lastKnownFileType = sourcecode.swift; path = SignupViewController.swift; sourceTree = "<group>"; };
		EBD4383C2A1A3B9400832BD7 /* MoEngage-iOS-InApps-master */ = {isa = PBXFileReference; lastKnownFileType = wrapper; name = "MoEngage-iOS-InApps-master"; path = "../../Downloads/MoEngage-iOS-InApps-master"; sourceTree = "<group>"; };
/* End PBXFileReference section */

/* Begin PBXFrameworksBuildPhase section */
		EB4C2CC92A0A454B009FEAF9 /* Frameworks */ = {
			isa = PBXFrameworksBuildPhase;
			buildActionMask = 2147483647;
			files = (
				041B23CB116DB62051775E1C /* Pods_iosApp2_0.framework in Frameworks */,
			);
			runOnlyForDeploymentPostprocessing = 0;
		};
/* End PBXFrameworksBuildPhase section */

/* Begin PBXGroup section */
		05921D6BD316591DBAA0C947 /* Frameworks */ = {
			isa = PBXGroup;
			children = (
				9AC8525935B4B2C7913410B4 /* Pods_iosApp2_0.framework */,
			);
			name = Frameworks;
			sourceTree = "<group>";
		};
		9545F71151C71EBF555C6996 /* Pods */ = {
			isa = PBXGroup;
			children = (
				4ED9E97C67E95B415543C555 /* Pods-iosApp2.0.debug.xcconfig */,
				6B294B5835920DF4B3DA1855 /* Pods-iosApp2.0.release.xcconfig */,
			);
			name = Pods;
			path = ../../Pods;
			sourceTree = "<group>";
		};
		EB4C2CC32A0A454B009FEAF9 = {
			isa = PBXGroup;
			children = (
				EBD4383B2A1A3B9400832BD7 /* Packages */,
				EB4C2CCE2A0A454B009FEAF9 /* iosApp2.0 */,
				EB4C2CCD2A0A454B009FEAF9 /* Products */,
				9545F71151C71EBF555C6996 /* Pods */,
				05921D6BD316591DBAA0C947 /* Frameworks */,
			);
			sourceTree = "<group>";
		};
		EB4C2CCD2A0A454B009FEAF9 /* Products */ = {
			isa = PBXGroup;
			children = (
				EB4C2CCC2A0A454B009FEAF9 /* iosApp2.0.app */,
			);
			name = Products;
			sourceTree = "<group>";
		};
		EB4C2CCE2A0A454B009FEAF9 /* iosApp2.0 */ = {
			isa = PBXGroup;
			children = (
				EB4C2CCF2A0A454B009FEAF9 /* AppDelegate.swift */,
				EB4C2CD12A0A454B009FEAF9 /* SceneDelegate.swift */,
				EB4C2CD32A0A454B009FEAF9 /* ViewController.swift */,
				EB4C2CD52A0A454B009FEAF9 /* Main.storyboard */,
				EB4C2CD82A0A454D009FEAF9 /* Assets.xcassets */,
				EB4C2CDA2A0A454D009FEAF9 /* LaunchScreen.storyboard */,
				EB4C2CDD2A0A454D009FEAF9 /* Info.plist */,
				EB4C2CE32A122D84009FEAF9 /* LoginViewController.swift */,
				EB4C2CE52A135458009FEAF9 /* SignupViewController.swift */,
			);
			path = iosApp2.0;
			sourceTree = "<group>";
		};
		EBD4383B2A1A3B9400832BD7 /* Packages */ = {
			isa = PBXGroup;
			children = (
				EBD4383C2A1A3B9400832BD7 /* MoEngage-iOS-InApps-master */,
			);
			name = Packages;
			sourceTree = "<group>";
		};
/* End PBXGroup section */

/* Begin PBXNativeTarget section */
		EB4C2CCB2A0A454B009FEAF9 /* iosApp2.0 */ = {
			isa = PBXNativeTarget;
			buildConfigurationList = EB4C2CE02A0A454D009FEAF9 /* Build configuration list for PBXNativeTarget "iosApp2.0" */;
			buildPhases = (
				99B9E7B3AEAEF6B9130100E9 /* [CP] Check Pods Manifest.lock */,
				EB4C2CC82A0A454B009FEAF9 /* Sources */,
				EB4C2CC92A0A454B009FEAF9 /* Frameworks */,
				EB4C2CCA2A0A454B009FEAF9 /* Resources */,
				2470DB1EC4B8F43772A93D2A /* [CP] Embed Pods Frameworks */,
			);
			buildRules = (
			);
			dependencies = (
			);
			name = iosApp2.0;
			productName = iosApp2.0;
			productReference = EB4C2CCC2A0A454B009FEAF9 /* iosApp2.0.app */;
			productType = "com.apple.product-type.application";
		};
/* End PBXNativeTarget section */

/* Begin PBXProject section */
		EB4C2CC42A0A454B009FEAF9 /* Project object */ = {
			isa = PBXProject;
			attributes = {
				BuildIndependentTargetsInParallel = 1;
				LastSwiftUpdateCheck = 1430;
				LastUpgradeCheck = 1430;
				TargetAttributes = {
					EB4C2CCB2A0A454B009FEAF9 = {
						CreatedOnToolsVersion = 14.3;
					};
				};
			};
			buildConfigurationList = EB4C2CC72A0A454B009FEAF9 /* Build configuration list for PBXProject "iosApp2.0" */;
			compatibilityVersion = "Xcode 14.0";
			developmentRegion = en;
			hasScannedForEncodings = 0;
			knownRegions = (
				en,
				Base,
			);
			mainGroup = EB4C2CC32A0A454B009FEAF9;
			productRefGroup = EB4C2CCD2A0A454B009FEAF9 /* Products */;
			projectDirPath = "";
			projectRoot = "";
			targets = (
				EB4C2CCB2A0A454B009FEAF9 /* iosApp2.0 */,
			);
		};
/* End PBXProject section */

/* Begin PBXResourcesBuildPhase section */
		EB4C2CCA2A0A454B009FEAF9 /* Resources */ = {
			isa = PBXResourcesBuildPhase;
			buildActionMask = 2147483647;
			files = (
				EB4C2CDC2A0A454D009FEAF9 /* LaunchScreen.storyboard in Resources */,
				EB4C2CD92A0A454D009FEAF9 /* Assets.xcassets in Resources */,
				EB4C2CD72A0A454B009FEAF9 /* Main.storyboard in Resources */,
			);
			runOnlyForDeploymentPostprocessing = 0;
		};
/* End PBXResourcesBuildPhase section */

/* Begin PBXShellScriptBuildPhase section */
		2470DB1EC4B8F43772A93D2A /* [CP] Embed Pods Frameworks */ = {
			isa = PBXShellScriptBuildPhase;
			buildActionMask = 2147483647;
			files = (
			);
			inputFileListPaths = (
				"${PODS_ROOT}/Target Support Files/Pods-iosApp2.0/Pods-iosApp2.0-frameworks-${CONFIGURATION}-input-files.xcfilelist",
			);
			name = "[CP] Embed Pods Frameworks";
			outputFileListPaths = (
				"${PODS_ROOT}/Target Support Files/Pods-iosApp2.0/Pods-iosApp2.0-frameworks-${CONFIGURATION}-output-files.xcfilelist",
			);
			runOnlyForDeploymentPostprocessing = 0;
			shellPath = /bin/sh;
			shellScript = "\"${PODS_ROOT}/Target Support Files/Pods-iosApp2.0/Pods-iosApp2.0-frameworks.sh\"\n";
			showEnvVarsInLog = 0;
		};
		99B9E7B3AEAEF6B9130100E9 /* [CP] Check Pods Manifest.lock */ = {
			isa = PBXShellScriptBuildPhase;
			buildActionMask = 2147483647;
			files = (
			);
			inputFileListPaths = (
			);
			inputPaths = (
				"${PODS_PODFILE_DIR_PATH}/Podfile.lock",
				"${PODS_ROOT}/Manifest.lock",
			);
			name = "[CP] Check Pods Manifest.lock";
			outputFileListPaths = (
			);
			outputPaths = (
				"$(DERIVED_FILE_DIR)/Pods-iosApp2.0-checkManifestLockResult.txt",
			);
			runOnlyForDeploymentPostprocessing = 0;
			shellPath = /bin/sh;
			shellScript = "diff \"${PODS_PODFILE_DIR_PATH}/Podfile.lock\" \"${PODS_ROOT}/Manifest.lock\" > /dev/null\nif [ $? != 0 ] ; then\n    # print error to STDERR\n    echo \"error: The sandbox is not in sync with the Podfile.lock. Run 'pod install' or update your CocoaPods installation.\" >&2\n    exit 1\nfi\n# This output is used by Xcode 'outputs' to avoid re-running this script phase.\necho \"SUCCESS\" > \"${SCRIPT_OUTPUT_FILE_0}\"\n";
			showEnvVarsInLog = 0;
		};
/* End PBXShellScriptBuildPhase section */

/* Begin PBXSourcesBuildPhase section */
		EB4C2CC82A0A454B009FEAF9 /* Sources */ = {
			isa = PBXSourcesBuildPhase;
			buildActionMask = 2147483647;
			files = (
				EB4C2CE42A122D84009FEAF9 /* LoginViewController.swift in Sources */,
				EB4C2CD42A0A454B009FEAF9 /* ViewController.swift in Sources */,
				EB4C2CE62A135458009FEAF9 /* SignupViewController.swift in Sources */,
				EB4C2CD02A0A454B009FEAF9 /* AppDelegate.swift in Sources */,
				EB4C2CD22A0A454B009FEAF9 /* SceneDelegate.swift in Sources */,
			);
			runOnlyForDeploymentPostprocessing = 0;
		};
/* End PBXSourcesBuildPhase section */

/* Begin PBXVariantGroup section */
		EB4C2CD52A0A454B009FEAF9 /* Main.storyboard */ = {
			isa = PBXVariantGroup;
			children = (
				EB4C2CD62A0A454B009FEAF9 /* Base */,
			);
			name = Main.storyboard;
			sourceTree = "<group>";
		};
		EB4C2CDA2A0A454D009FEAF9 /* LaunchScreen.storyboard */ = {
			isa = PBXVariantGroup;
			children = (
				EB4C2CDB2A0A454D009FEAF9 /* Base */,
			);
			name = LaunchScreen.storyboard;
			sourceTree = "<group>";
		};
/* End PBXVariantGroup section */

/* Begin XCBuildConfiguration section */
		EB4C2CDE2A0A454D009FEAF9 /* Debug */ = {
			isa = XCBuildConfiguration;
			buildSettings = {
				ALWAYS_SEARCH_USER_PATHS = NO;
				CLANG_ANALYZER_NONNULL = YES;
				CLANG_ANALYZER_NUMBER_OBJECT_CONVERSION = YES_AGGRESSIVE;
				CLANG_CXX_LANGUAGE_STANDARD = "gnu++20";
				CLANG_ENABLE_MODULES = YES;
				CLANG_ENABLE_OBJC_ARC = YES;
				CLANG_ENABLE_OBJC_WEAK = YES;
				CLANG_WARN_BLOCK_CAPTURE_AUTORELEASING = YES;
				CLANG_WARN_BOOL_CONVERSION = YES;
				CLANG_WARN_COMMA = YES;
				CLANG_WARN_CONSTANT_CONVERSION = YES;
				CLANG_WARN_DEPRECATED_OBJC_IMPLEMENTATIONS = YES;
				CLANG_WARN_DIRECT_OBJC_ISA_USAGE = YES_ERROR;
				CLANG_WARN_DOCUMENTATION_COMMENTS = YES;
				CLANG_WARN_EMPTY_BODY = YES;
				CLANG_WARN_ENUM_CONVERSION = YES;
				CLANG_WARN_INFINITE_RECURSION = YES;
				CLANG_WARN_INT_CONVERSION = YES;
				CLANG_WARN_NON_LITERAL_NULL_CONVERSION = YES;
				CLANG_WARN_OBJC_IMPLICIT_RETAIN_SELF = YES;
				CLANG_WARN_OBJC_LITERAL_CONVERSION = YES;
				CLANG_WARN_OBJC_ROOT_CLASS = YES_ERROR;
				CLANG_WARN_QUOTED_INCLUDE_IN_FRAMEWORK_HEADER = YES;
				CLANG_WARN_RANGE_LOOP_ANALYSIS = YES;
				CLANG_WARN_STRICT_PROTOTYPES = YES;
				CLANG_WARN_SUSPICIOUS_MOVE = YES;
				CLANG_WARN_UNGUARDED_AVAILABILITY = YES_AGGRESSIVE;
				CLANG_WARN_UNREACHABLE_CODE = YES;
				CLANG_WARN__DUPLICATE_METHOD_MATCH = YES;
				COPY_PHASE_STRIP = NO;
				DEBUG_INFORMATION_FORMAT = dwarf;
				ENABLE_STRICT_OBJC_MSGSEND = YES;
				ENABLE_TESTABILITY = YES;
				GCC_C_LANGUAGE_STANDARD = gnu11;
				GCC_DYNAMIC_NO_PIC = NO;
				GCC_NO_COMMON_BLOCKS = YES;
				GCC_OPTIMIZATION_LEVEL = 0;
				GCC_PREPROCESSOR_DEFINITIONS = (
					"DEBUG=1",
					"$(inherited)",
				);
				GCC_WARN_64_TO_32_BIT_CONVERSION = YES;
				GCC_WARN_ABOUT_RETURN_TYPE = YES_ERROR;
				GCC_WARN_UNDECLARED_SELECTOR = YES;
				GCC_WARN_UNINITIALIZED_AUTOS = YES_AGGRESSIVE;
				GCC_WARN_UNUSED_FUNCTION = YES;
				GCC_WARN_UNUSED_VARIABLE = YES;
				IPHONEOS_DEPLOYMENT_TARGET = 16.4;
				MTL_ENABLE_DEBUG_INFO = INCLUDE_SOURCE;
				MTL_FAST_MATH = YES;
				ONLY_ACTIVE_ARCH = YES;
				SDKROOT = iphoneos;
				SWIFT_ACTIVE_COMPILATION_CONDITIONS = DEBUG;
				SWIFT_OPTIMIZATION_LEVEL = "-Onone";
			};
			name = Debug;
		};
		EB4C2CDF2A0A454D009FEAF9 /* Release */ = {
			isa = XCBuildConfiguration;
			buildSettings = {
				ALWAYS_SEARCH_USER_PATHS = NO;
				CLANG_ANALYZER_NONNULL = YES;
				CLANG_ANALYZER_NUMBER_OBJECT_CONVERSION = YES_AGGRESSIVE;
				CLANG_CXX_LANGUAGE_STANDARD = "gnu++20";
				CLANG_ENABLE_MODULES = YES;
				CLANG_ENABLE_OBJC_ARC = YES;
				CLANG_ENABLE_OBJC_WEAK = YES;
				CLANG_WARN_BLOCK_CAPTURE_AUTORELEASING = YES;
				CLANG_WARN_BOOL_CONVERSION = YES;
				CLANG_WARN_COMMA = YES;
				CLANG_WARN_CONSTANT_CONVERSION = YES;
				CLANG_WARN_DEPRECATED_OBJC_IMPLEMENTATIONS = YES;
				CLANG_WARN_DIRECT_OBJC_ISA_USAGE = YES_ERROR;
				CLANG_WARN_DOCUMENTATION_COMMENTS = YES;
				CLANG_WARN_EMPTY_BODY = YES;
				CLANG_WARN_ENUM_CONVERSION = YES;
				CLANG_WARN_INFINITE_RECURSION = YES;
				CLANG_WARN_INT_CONVERSION = YES;
				CLANG_WARN_NON_LITERAL_NULL_CONVERSION = YES;
				CLANG_WARN_OBJC_IMPLICIT_RETAIN_SELF = YES;
				CLANG_WARN_OBJC_LITERAL_CONVERSION = YES;
				CLANG_WARN_OBJC_ROOT_CLASS = YES_ERROR;
				CLANG_WARN_QUOTED_INCLUDE_IN_FRAMEWORK_HEADER = YES;
				CLANG_WARN_RANGE_LOOP_ANALYSIS = YES;
				CLANG_WARN_STRICT_PROTOTYPES = YES;
				CLANG_WARN_SUSPICIOUS_MOVE = YES;
				CLANG_WARN_UNGUARDED_AVAILABILITY = YES_AGGRESSIVE;
				CLANG_WARN_UNREACHABLE_CODE = YES;
				CLANG_WARN__DUPLICATE_METHOD_MATCH = YES;
				COPY_PHASE_STRIP = NO;
				DEBUG_INFORMATION_FORMAT = "dwarf-with-dsym";
				ENABLE_NS_ASSERTIONS = NO;
				ENABLE_STRICT_OBJC_MSGSEND = YES;
				GCC_C_LANGUAGE_STANDARD = gnu11;
				GCC_NO_COMMON_BLOCKS = YES;
				GCC_WARN_64_TO_32_BIT_CONVERSION = YES;
				GCC_WARN_ABOUT_RETURN_TYPE = YES_ERROR;
				GCC_WARN_UNDECLARED_SELECTOR = YES;
				GCC_WARN_UNINITIALIZED_AUTOS = YES_AGGRESSIVE;
				GCC_WARN_UNUSED_FUNCTION = YES;
				GCC_WARN_UNUSED_VARIABLE = YES;
				IPHONEOS_DEPLOYMENT_TARGET = 16.4;
				MTL_ENABLE_DEBUG_INFO = NO;
				MTL_FAST_MATH = YES;
				SDKROOT = iphoneos;
				SWIFT_COMPILATION_MODE = wholemodule;
				SWIFT_OPTIMIZATION_LEVEL = "-O";
				VALIDATE_PRODUCT = YES;
			};
			name = Release;
		};
		EB4C2CE12A0A454D009FEAF9 /* Debug */ = {
			isa = XCBuildConfiguration;
			baseConfigurationReference = 4ED9E97C67E95B415543C555 /* Pods-iosApp2.0.debug.xcconfig */;
			buildSettings = {
				ASSETCATALOG_COMPILER_APPICON_NAME = AppIcon;
				ASSETCATALOG_COMPILER_GLOBAL_ACCENT_COLOR_NAME = AccentColor;
				CODE_SIGN_STYLE = Automatic;
				CURRENT_PROJECT_VERSION = 1;
				GENERATE_INFOPLIST_FILE = YES;
				INFOPLIST_FILE = iosApp2.0/Info.plist;
				INFOPLIST_KEY_UIApplicationSupportsIndirectInputEvents = YES;
				INFOPLIST_KEY_UILaunchStoryboardName = LaunchScreen;
				INFOPLIST_KEY_UIMainStoryboardFile = Main;
				INFOPLIST_KEY_UISupportedInterfaceOrientations_iPad = "UIInterfaceOrientationPortrait UIInterfaceOrientationPortraitUpsideDown UIInterfaceOrientationLandscapeLeft UIInterfaceOrientationLandscapeRight";
				INFOPLIST_KEY_UISupportedInterfaceOrientations_iPhone = "UIInterfaceOrientationPortrait UIInterfaceOrientationLandscapeLeft UIInterfaceOrientationLandscapeRight";
				LD_RUNPATH_SEARCH_PATHS = (
					"$(inherited)",
					"@executable_path/Frameworks",
				);
				MARKETING_VERSION = 1.0;
				"OTHER_SWIFT_FLAGS[arch=*]" = "-DDEBUG";
				PRODUCT_BUNDLE_IDENTIFIER = "Nil.iosApp2-0";
				PRODUCT_NAME = "$(TARGET_NAME)";
				SWIFT_EMIT_LOC_STRINGS = YES;
				SWIFT_VERSION = 5.0;
				TARGETED_DEVICE_FAMILY = "1,2";
			};
			name = Debug;
		};
		EB4C2CE22A0A454D009FEAF9 /* Release */ = {
			isa = XCBuildConfiguration;
			baseConfigurationReference = 6B294B5835920DF4B3DA1855 /* Pods-iosApp2.0.release.xcconfig */;
			buildSettings = {
				ASSETCATALOG_COMPILER_APPICON_NAME = AppIcon;
				ASSETCATALOG_COMPILER_GLOBAL_ACCENT_COLOR_NAME = AccentColor;
				CODE_SIGN_STYLE = Automatic;
				CURRENT_PROJECT_VERSION = 1;
				GENERATE_INFOPLIST_FILE = YES;
				INFOPLIST_FILE = iosApp2.0/Info.plist;
				INFOPLIST_KEY_UIApplicationSupportsIndirectInputEvents = YES;
				INFOPLIST_KEY_UILaunchStoryboardName = LaunchScreen;
				INFOPLIST_KEY_UIMainStoryboardFile = Main;
				INFOPLIST_KEY_UISupportedInterfaceOrientations_iPad = "UIInterfaceOrientationPortrait UIInterfaceOrientationPortraitUpsideDown UIInterfaceOrientationLandscapeLeft UIInterfaceOrientationLandscapeRight";
				INFOPLIST_KEY_UISupportedInterfaceOrientations_iPhone = "UIInterfaceOrientationPortrait UIInterfaceOrientationLandscapeLeft UIInterfaceOrientationLandscapeRight";
				LD_RUNPATH_SEARCH_PATHS = (
					"$(inherited)",
					"@executable_path/Frameworks",
				);
				MARKETING_VERSION = 1.0;
				PRODUCT_BUNDLE_IDENTIFIER = "Nil.iosApp2-0";
				PRODUCT_NAME = "$(TARGET_NAME)";
				SWIFT_EMIT_LOC_STRINGS = YES;
				SWIFT_VERSION = 5.0;
				TARGETED_DEVICE_FAMILY = "1,2";
			};
			name = Release;
		};
/* End XCBuildConfiguration section */

/* Begin XCConfigurationList section */
		EB4C2CC72A0A454B009FEAF9 /* Build configuration list for PBXProject "iosApp2.0" */ = {
			isa = XCConfigurationList;
			buildConfigurations = (
				EB4C2CDE2A0A454D009FEAF9 /* Debug */,
				EB4C2CDF2A0A454D009FEAF9 /* Release */,
			);
			defaultConfigurationIsVisible = 0;
			defaultConfigurationName = Release;
		};
		EB4C2CE02A0A454D009FEAF9 /* Build configuration list for PBXNativeTarget "iosApp2.0" */ = {
			isa = XCConfigurationList;
			buildConfigurations = (
				EB4C2CE12A0A454D009FEAF9 /* Debug */,
				EB4C2CE22A0A454D009FEAF9 /* Release */,
			);
			defaultConfigurationIsVisible = 0;
			defaultConfigurationName = Release;
		};
/* End XCConfigurationList section */
	};
	rootObject = EB4C2CC42A0A454B009FEAF9 /* Project object */;
}
