{
  "object": {
    "pins": [
      {
        "package": "MoEngage-iOS-SDK",
        "repositoryURL": "https://github.com/moengage/MoEngage-iOS-SDK.git",
        "state": {
          "branch": null,
          "revision": "28cc550330ba254a14cfa2f73596a584b6fa337c",
          "version": "9.8.0"
        }
      }
    ]
  },
  "version": 1
}
